// !$*UTF8*$!
{
	archiveVersion = 1;
	classes = {
	};
	objectVersion = 48;
	objects = {

/* Begin PBXBuildFile section */
		BB6AB3B71FB1127A0055F9C8 /* Hour.swift in Sources */ = {isa = PBXBuildFile; fileRef = BB6AB3B61FB1127A0055F9C8 /* Hour.swift */; };
		BB6AB3BD1FB18AC20055F9C8 /* TableViewCellController.swift in Sources */ = {isa = PBXBuildFile; fileRef = BB6AB3BC1FB18AC20055F9C8 /* TableViewCellController.swift */; };
		BB6AB3C11FB197E50055F9C8 /* Helper.swift in Sources */ = {isa = PBXBuildFile; fileRef = BB6AB3C01FB197E50055F9C8 /* Helper.swift */; };
		BB93A0491FB0D01F00E7990B /* Hourly.swift in Sources */ = {isa = PBXBuildFile; fileRef = BB93A0481FB0D01F00E7990B /* Hourly.swift */; };
		BB93A04B1FB0D02B00E7990B /* Current.swift in Sources */ = {isa = PBXBuildFile; fileRef = BB93A04A1FB0D02B00E7990B /* Current.swift */; };
		BBC9078A1FB1D5C500B8A066 /* SettingsController.swift in Sources */ = {isa = PBXBuildFile; fileRef = BBC907891FB1D5C500B8A066 /* SettingsController.swift */; };
		BBFD3E071FB00410006AE0C5 /* AppDelegate.swift in Sources */ = {isa = PBXBuildFile; fileRef = BBFD3E061FB00410006AE0C5 /* AppDelegate.swift */; };
		BBFD3E091FB00410006AE0C5 /* ViewController.swift in Sources */ = {isa = PBXBuildFile; fileRef = BBFD3E081FB00410006AE0C5 /* ViewController.swift */; };
		BBFD3E0C1FB00410006AE0C5 /* Main.storyboard in Resources */ = {isa = PBXBuildFile; fileRef = BBFD3E0A1FB00410006AE0C5 /* Main.storyboard */; };
		BBFD3E0F1FB00410006AE0C5 /* Umbrella.xcdatamodeld in Sources */ = {isa = PBXBuildFile; fileRef = BBFD3E0D1FB00410006AE0C5 /* Umbrella.xcdatamodeld */; };
		BBFD3E111FB00410006AE0C5 /* Assets.xcassets in Resources */ = {isa = PBXBuildFile; fileRef = BBFD3E101FB00410006AE0C5 /* Assets.xcassets */; };
		BBFD3E141FB00410006AE0C5 /* LaunchScreen.storyboard in Resources */ = {isa = PBXBuildFile; fileRef = BBFD3E121FB00410006AE0C5 /* LaunchScreen.storyboard */; };
		BBFD3E1F1FB00410006AE0C5 /* UmbrellaTests.swift in Sources */ = {isa = PBXBuildFile; fileRef = BBFD3E1E1FB00410006AE0C5 /* UmbrellaTests.swift */; };
		BBFD3E2A1FB00410006AE0C5 /* UmbrellaUITests.swift in Sources */ = {isa = PBXBuildFile; fileRef = BBFD3E291FB00410006AE0C5 /* UmbrellaUITests.swift */; };
		BBFD3E4A1FB0B5EF006AE0C5 /* NetworkManagerDelegate.swift in Sources */ = {isa = PBXBuildFile; fileRef = BBFD3E471FB0B5EF006AE0C5 /* NetworkManagerDelegate.swift */; };
		BBFD3E4B1FB0B5EF006AE0C5 /* NetworkManager.swift in Sources */ = {isa = PBXBuildFile; fileRef = BBFD3E481FB0B5EF006AE0C5 /* NetworkManager.swift */; };
		BBFD3E4C1FB0B5EF006AE0C5 /* WeatherAPI.swift in Sources */ = {isa = PBXBuildFile; fileRef = BBFD3E491FB0B5EF006AE0C5 /* WeatherAPI.swift */; };
/* End PBXBuildFile section */

/* Begin PBXContainerItemProxy section */
		BBFD3E1B1FB00410006AE0C5 /* PBXContainerItemProxy */ = {
			isa = PBXContainerItemProxy;
			containerPortal = BBFD3DFB1FB00410006AE0C5 /* Project object */;
			proxyType = 1;
			remoteGlobalIDString = BBFD3E021FB00410006AE0C5;
			remoteInfo = Umbrella;
		};
		BBFD3E261FB00410006AE0C5 /* PBXContainerItemProxy */ = {
			isa = PBXContainerItemProxy;
			containerPortal = BBFD3DFB1FB00410006AE0C5 /* Project object */;
			proxyType = 1;
			remoteGlobalIDString = BBFD3E021FB00410006AE0C5;
			remoteInfo = Umbrella;
		};
/* End PBXContainerItemProxy section */

/* Begin PBXFileReference section */
		BB6AB3B61FB1127A0055F9C8 /* Hour.swift */ = {isa = PBXFileReference; lastKnownFileType = sourcecode.swift; path = Hour.swift; sourceTree = "<group>"; };
		BB6AB3BC1FB18AC20055F9C8 /* TableViewCellController.swift */ = {isa = PBXFileReference; lastKnownFileType = sourcecode.swift; path = TableViewCellController.swift; sourceTree = "<group>"; };
		BB6AB3C01FB197E50055F9C8 /* Helper.swift */ = {isa = PBXFileReference; lastKnownFileType = sourcecode.swift; path = Helper.swift; sourceTree = "<group>"; };
		BB93A0481FB0D01F00E7990B /* Hourly.swift */ = {isa = PBXFileReference; lastKnownFileType = sourcecode.swift; path = Hourly.swift; sourceTree = "<group>"; };
		BB93A04A1FB0D02B00E7990B /* Current.swift */ = {isa = PBXFileReference; lastKnownFileType = sourcecode.swift; path = Current.swift; sourceTree = "<group>"; };
		BBC907891FB1D5C500B8A066 /* SettingsController.swift */ = {isa = PBXFileReference; lastKnownFileType = sourcecode.swift; path = SettingsController.swift; sourceTree = "<group>"; };
		BBFD3E031FB00410006AE0C5 /* Umbrella.app */ = {isa = PBXFileReference; explicitFileType = wrapper.application; includeInIndex = 0; path = Umbrella.app; sourceTree = BUILT_PRODUCTS_DIR; };
		BBFD3E061FB00410006AE0C5 /* AppDelegate.swift */ = {isa = PBXFileReference; lastKnownFileType = sourcecode.swift; path = AppDelegate.swift; sourceTree = "<group>"; };
		BBFD3E081FB00410006AE0C5 /* ViewController.swift */ = {isa = PBXFileReference; lastKnownFileType = sourcecode.swift; path = ViewController.swift; sourceTree = "<group>"; };
		BBFD3E0B1FB00410006AE0C5 /* Base */ = {isa = PBXFileReference; lastKnownFileType = file.storyboard; name = Base; path = Base.lproj/Main.storyboard; sourceTree = "<group>"; };
		BBFD3E0E1FB00410006AE0C5 /* Umbrella.xcdatamodel */ = {isa = PBXFileReference; lastKnownFileType = wrapper.xcdatamodel; path = Umbrella.xcdatamodel; sourceTree = "<group>"; };
		BBFD3E101FB00410006AE0C5 /* Assets.xcassets */ = {isa = PBXFileReference; lastKnownFileType = folder.assetcatalog; path = Assets.xcassets; sourceTree = "<group>"; };
		BBFD3E131FB00410006AE0C5 /* Base */ = {isa = PBXFileReference; lastKnownFileType = file.storyboard; name = Base; path = Base.lproj/LaunchScreen.storyboard; sourceTree = "<group>"; };
		BBFD3E151FB00410006AE0C5 /* Info.plist */ = {isa = PBXFileReference; lastKnownFileType = text.plist.xml; path = Info.plist; sourceTree = "<group>"; };
		BBFD3E1A1FB00410006AE0C5 /* UmbrellaTests.xctest */ = {isa = PBXFileReference; explicitFileType = wrapper.cfbundle; includeInIndex = 0; path = UmbrellaTests.xctest; sourceTree = BUILT_PRODUCTS_DIR; };
		BBFD3E1E1FB00410006AE0C5 /* UmbrellaTests.swift */ = {isa = PBXFileReference; lastKnownFileType = sourcecode.swift; path = UmbrellaTests.swift; sourceTree = "<group>"; };
		BBFD3E201FB00410006AE0C5 /* Info.plist */ = {isa = PBXFileReference; lastKnownFileType = text.plist.xml; path = Info.plist; sourceTree = "<group>"; };
		BBFD3E251FB00410006AE0C5 /* UmbrellaUITests.xctest */ = {isa = PBXFileReference; explicitFileType = wrapper.cfbundle; includeInIndex = 0; path = UmbrellaUITests.xctest; sourceTree = BUILT_PRODUCTS_DIR; };
		BBFD3E291FB00410006AE0C5 /* UmbrellaUITests.swift */ = {isa = PBXFileReference; lastKnownFileType = sourcecode.swift; path = UmbrellaUITests.swift; sourceTree = "<group>"; };
		BBFD3E2B1FB00410006AE0C5 /* Info.plist */ = {isa = PBXFileReference; lastKnownFileType = text.plist.xml; path = Info.plist; sourceTree = "<group>"; };
		BBFD3E471FB0B5EF006AE0C5 /* NetworkManagerDelegate.swift */ = {isa = PBXFileReference; fileEncoding = 4; lastKnownFileType = sourcecode.swift; path = NetworkManagerDelegate.swift; sourceTree = "<group>"; };
		BBFD3E481FB0B5EF006AE0C5 /* NetworkManager.swift */ = {isa = PBXFileReference; fileEncoding = 4; lastKnownFileType = sourcecode.swift; path = NetworkManager.swift; sourceTree = "<group>"; };
		BBFD3E491FB0B5EF006AE0C5 /* WeatherAPI.swift */ = {isa = PBXFileReference; fileEncoding = 4; lastKnownFileType = sourcecode.swift; path = WeatherAPI.swift; sourceTree = "<group>"; };
/* End PBXFileReference section */

/* Begin PBXFrameworksBuildPhase section */
		BBFD3E001FB00410006AE0C5 /* Frameworks */ = {
			isa = PBXFrameworksBuildPhase;
			buildActionMask = 2147483647;
			files = (
			);
			runOnlyForDeploymentPostprocessing = 0;
		};
		BBFD3E171FB00410006AE0C5 /* Frameworks */ = {
			isa = PBXFrameworksBuildPhase;
			buildActionMask = 2147483647;
			files = (
			);
			runOnlyForDeploymentPostprocessing = 0;
		};
		BBFD3E221FB00410006AE0C5 /* Frameworks */ = {
			isa = PBXFrameworksBuildPhase;
			buildActionMask = 2147483647;
			files = (
			);
			runOnlyForDeploymentPostprocessing = 0;
		};
/* End PBXFrameworksBuildPhase section */

/* Begin PBXGroup section */
		BBFD3DFA1FB00410006AE0C5 = {
			isa = PBXGroup;
			children = (
				BBFD3E051FB00410006AE0C5 /* Umbrella */,
				BBFD3E1D1FB00410006AE0C5 /* UmbrellaTests */,
				BBFD3E281FB00410006AE0C5 /* UmbrellaUITests */,
				BBFD3E041FB00410006AE0C5 /* Products */,
			);
			sourceTree = "<group>";
		};
		BBFD3E041FB00410006AE0C5 /* Products */ = {
			isa = PBXGroup;
			children = (
				BBFD3E031FB00410006AE0C5 /* Umbrella.app */,
				BBFD3E1A1FB00410006AE0C5 /* UmbrellaTests.xctest */,
				BBFD3E251FB00410006AE0C5 /* UmbrellaUITests.xctest */,
			);
			name = Products;
			sourceTree = "<group>";
		};
		BBFD3E051FB00410006AE0C5 /* Umbrella */ = {
			isa = PBXGroup;
			children = (
				BBFD3E461FB0B5D1006AE0C5 /* Helpers */,
				BBFD3E3A1FB004AC006AE0C5 /* Models */,
				BBFD3E391FB004A4006AE0C5 /* Controllers */,
				BBFD3E381FB0049E006AE0C5 /* Views */,
				BBFD3E101FB00410006AE0C5 /* Assets.xcassets */,
				BBFD3E151FB00410006AE0C5 /* Info.plist */,
				BBFD3E0D1FB00410006AE0C5 /* Umbrella.xcdatamodeld */,
			);
			path = Umbrella;
			sourceTree = "<group>";
		};
		BBFD3E1D1FB00410006AE0C5 /* UmbrellaTests */ = {
			isa = PBXGroup;
			children = (
				BBFD3E1E1FB00410006AE0C5 /* UmbrellaTests.swift */,
				BBFD3E201FB00410006AE0C5 /* Info.plist */,
			);
			path = UmbrellaTests;
			sourceTree = "<group>";
		};
		BBFD3E281FB00410006AE0C5 /* UmbrellaUITests */ = {
			isa = PBXGroup;
			children = (
				BBFD3E291FB00410006AE0C5 /* UmbrellaUITests.swift */,
				BBFD3E2B1FB00410006AE0C5 /* Info.plist */,
			);
			path = UmbrellaUITests;
			sourceTree = "<group>";
		};
		BBFD3E381FB0049E006AE0C5 /* Views */ = {
			isa = PBXGroup;
			children = (
				BBFD3E0A1FB00410006AE0C5 /* Main.storyboard */,
				BBFD3E121FB00410006AE0C5 /* LaunchScreen.storyboard */,
			);
			path = Views;
			sourceTree = "<group>";
		};
		BBFD3E391FB004A4006AE0C5 /* Controllers */ = {
			isa = PBXGroup;
			children = (
				BBFD3E081FB00410006AE0C5 /* ViewController.swift */,
				BBC907891FB1D5C500B8A066 /* SettingsController.swift */,
				BB6AB3BC1FB18AC20055F9C8 /* TableViewCellController.swift */,
			);
			path = Controllers;
			sourceTree = "<group>";
		};
		BBFD3E3A1FB004AC006AE0C5 /* Models */ = {
			isa = PBXGroup;
			children = (
				BB93A0481FB0D01F00E7990B /* Hourly.swift */,
				BB93A04A1FB0D02B00E7990B /* Current.swift */,
				BB6AB3B61FB1127A0055F9C8 /* Hour.swift */,
			);
			path = Models;
			sourceTree = "<group>";
		};
		BBFD3E461FB0B5D1006AE0C5 /* Helpers */ = {
			isa = PBXGroup;
			children = (
				BBFD3E481FB0B5EF006AE0C5 /* NetworkManager.swift */,
				BBFD3E471FB0B5EF006AE0C5 /* NetworkManagerDelegate.swift */,
				BBFD3E491FB0B5EF006AE0C5 /* WeatherAPI.swift */,
				BB6AB3C01FB197E50055F9C8 /* Helper.swift */,
				BBFD3E061FB00410006AE0C5 /* AppDelegate.swift */,
			);
			path = Helpers;
			sourceTree = "<group>";
		};
/* End PBXGroup section */

/* Begin PBXNativeTarget section */
		BBFD3E021FB00410006AE0C5 /* Umbrella */ = {
			isa = PBXNativeTarget;
			buildConfigurationList = BBFD3E2E1FB00410006AE0C5 /* Build configuration list for PBXNativeTarget "Umbrella" */;
			buildPhases = (
				BBFD3DFF1FB00410006AE0C5 /* Sources */,
				BBFD3E001FB00410006AE0C5 /* Frameworks */,
				BBFD3E011FB00410006AE0C5 /* Resources */,
			);
			buildRules = (
			);
			dependencies = (
			);
			name = Umbrella;
			productName = Umbrella;
			productReference = BBFD3E031FB00410006AE0C5 /* Umbrella.app */;
			productType = "com.apple.product-type.application";
		};
		BBFD3E191FB00410006AE0C5 /* UmbrellaTests */ = {
			isa = PBXNativeTarget;
			buildConfigurationList = BBFD3E311FB00410006AE0C5 /* Build configuration list for PBXNativeTarget "UmbrellaTests" */;
			buildPhases = (
				BBFD3E161FB00410006AE0C5 /* Sources */,
				BBFD3E171FB00410006AE0C5 /* Frameworks */,
				BBFD3E181FB00410006AE0C5 /* Resources */,
			);
			buildRules = (
			);
			dependencies = (
				BBFD3E1C1FB00410006AE0C5 /* PBXTargetDependency */,
			);
			name = UmbrellaTests;
			productName = UmbrellaTests;
			productReference = BBFD3E1A1FB00410006AE0C5 /* UmbrellaTests.xctest */;
			productType = "com.apple.product-type.bundle.unit-test";
		};
		BBFD3E241FB00410006AE0C5 /* UmbrellaUITests */ = {
			isa = PBXNativeTarget;
			buildConfigurationList = BBFD3E341FB00410006AE0C5 /* Build configuration list for PBXNativeTarget "UmbrellaUITests" */;
			buildPhases = (
				BBFD3E211FB00410006AE0C5 /* Sources */,
				BBFD3E221FB00410006AE0C5 /* Frameworks */,
				BBFD3E231FB00410006AE0C5 /* Resources */,
			);
			buildRules = (
			);
			dependencies = (
				BBFD3E271FB00410006AE0C5 /* PBXTargetDependency */,
			);
			name = UmbrellaUITests;
			productName = UmbrellaUITests;
			productReference = BBFD3E251FB00410006AE0C5 /* UmbrellaUITests.xctest */;
			productType = "com.apple.product-type.bundle.ui-testing";
		};
/* End PBXNativeTarget section */

/* Begin PBXProject section */
		BBFD3DFB1FB00410006AE0C5 /* Project object */ = {
			isa = PBXProject;
			attributes = {
				LastSwiftUpdateCheck = 0910;
				LastUpgradeCheck = 0910;
				ORGANIZATIONNAME = "Mobile Consulting Solutions";
				TargetAttributes = {
					BBFD3E021FB00410006AE0C5 = {
						CreatedOnToolsVersion = 9.1;
						ProvisioningStyle = Automatic;
					};
					BBFD3E191FB00410006AE0C5 = {
						CreatedOnToolsVersion = 9.1;
						ProvisioningStyle = Automatic;
						TestTargetID = BBFD3E021FB00410006AE0C5;
					};
					BBFD3E241FB00410006AE0C5 = {
						CreatedOnToolsVersion = 9.1;
						ProvisioningStyle = Automatic;
						TestTargetID = BBFD3E021FB00410006AE0C5;
					};
				};
			};
			buildConfigurationList = BBFD3DFE1FB00410006AE0C5 /* Build configuration list for PBXProject "Umbrella" */;
			compatibilityVersion = "Xcode 8.0";
			developmentRegion = en;
			hasScannedForEncodings = 0;
			knownRegions = (
				en,
				Base,
			);
			mainGroup = BBFD3DFA1FB00410006AE0C5;
			productRefGroup = BBFD3E041FB00410006AE0C5 /* Products */;
			projectDirPath = "";
			projectRoot = "";
			targets = (
				BBFD3E021FB00410006AE0C5 /* Umbrella */,
				BBFD3E191FB00410006AE0C5 /* UmbrellaTests */,
				BBFD3E241FB00410006AE0C5 /* UmbrellaUITests */,
			);
		};
/* End PBXProject section */

/* Begin PBXResourcesBuildPhase section */
		BBFD3E011FB00410006AE0C5 /* Resources */ = {
			isa = PBXResourcesBuildPhase;
			buildActionMask = 2147483647;
			files = (
				BBFD3E141FB00410006AE0C5 /* LaunchScreen.storyboard in Resources */,
				BBFD3E111FB00410006AE0C5 /* Assets.xcassets in Resources */,
				BBFD3E0C1FB00410006AE0C5 /* Main.storyboard in Resources */,
			);
			runOnlyForDeploymentPostprocessing = 0;
		};
		BBFD3E181FB00410006AE0C5 /* Resources */ = {
			isa = PBXResourcesBuildPhase;
			buildActionMask = 2147483647;
			files = (
			);
			runOnlyForDeploymentPostprocessing = 0;
		};
		BBFD3E231FB00410006AE0C5 /* Resources */ = {
			isa = PBXResourcesBuildPhase;
			buildActionMask = 2147483647;
			files = (
			);
			runOnlyForDeploymentPostprocessing = 0;
		};
/* End PBXResourcesBuildPhase section */

/* Begin PBXSourcesBuildPhase section */
		BBFD3DFF1FB00410006AE0C5 /* Sources */ = {
			isa = PBXSourcesBuildPhase;
			buildActionMask = 2147483647;
			files = (
				BB93A0491FB0D01F00E7990B /* Hourly.swift in Sources */,
				BBC9078A1FB1D5C500B8A066 /* SettingsController.swift in Sources */,
				BB93A04B1FB0D02B00E7990B /* Current.swift in Sources */,
				BB6AB3BD1FB18AC20055F9C8 /* TableViewCellController.swift in Sources */,
				BBFD3E0F1FB00410006AE0C5 /* Umbrella.xcdatamodeld in Sources */,
				BBFD3E091FB00410006AE0C5 /* ViewController.swift in Sources */,
				BBFD3E4B1FB0B5EF006AE0C5 /* NetworkManager.swift in Sources */,
				BBFD3E4C1FB0B5EF006AE0C5 /* WeatherAPI.swift in Sources */,
				BBFD3E071FB00410006AE0C5 /* AppDelegate.swift in Sources */,
				BBFD3E4A1FB0B5EF006AE0C5 /* NetworkManagerDelegate.swift in Sources */,
				BB6AB3B71FB1127A0055F9C8 /* Hour.swift in Sources */,
				BB6AB3C11FB197E50055F9C8 /* Helper.swift in Sources */,
			);
			runOnlyForDeploymentPostprocessing = 0;
		};
		BBFD3E161FB00410006AE0C5 /* Sources */ = {
			isa = PBXSourcesBuildPhase;
			buildActionMask = 2147483647;
			files = (
				BBFD3E1F1FB00410006AE0C5 /* UmbrellaTests.swift in Sources */,
			);
			runOnlyForDeploymentPostprocessing = 0;
		};
		BBFD3E211FB00410006AE0C5 /* Sources */ = {
			isa = PBXSourcesBuildPhase;
			buildActionMask = 2147483647;
			files = (
				BBFD3E2A1FB00410006AE0C5 /* UmbrellaUITests.swift in Sources */,
			);
			runOnlyForDeploymentPostprocessing = 0;
		};
/* End PBXSourcesBuildPhase section */

/* Begin PBXTargetDependency section */
		BBFD3E1C1FB00410006AE0C5 /* PBXTargetDependency */ = {
			isa = PBXTargetDependency;
			target = BBFD3E021FB00410006AE0C5 /* Umbrella */;
			targetProxy = BBFD3E1B1FB00410006AE0C5 /* PBXContainerItemProxy */;
		};
		BBFD3E271FB00410006AE0C5 /* PBXTargetDependency */ = {
			isa = PBXTargetDependency;
			target = BBFD3E021FB00410006AE0C5 /* Umbrella */;
			targetProxy = BBFD3E261FB00410006AE0C5 /* PBXContainerItemProxy */;
		};
/* End PBXTargetDependency section */

/* Begin PBXVariantGroup section */
		BBFD3E0A1FB00410006AE0C5 /* Main.storyboard */ = {
			isa = PBXVariantGroup;
			children = (
				BBFD3E0B1FB00410006AE0C5 /* Base */,
			);
			name = Main.storyboard;
			sourceTree = "<group>";
		};
		BBFD3E121FB00410006AE0C5 /* LaunchScreen.storyboard */ = {
			isa = PBXVariantGroup;
			children = (
				BBFD3E131FB00410006AE0C5 /* Base */,
			);
			name = LaunchScreen.storyboard;
			sourceTree = "<group>";
		};
/* End PBXVariantGroup section */

/* Begin XCBuildConfiguration section */
		BBFD3E2C1FB00410006AE0C5 /* Debug */ = {
			isa = XCBuildConfiguration;
			buildSettings = {
				ALWAYS_SEARCH_USER_PATHS = NO;
				CLANG_ANALYZER_NONNULL = YES;
				CLANG_ANALYZER_NUMBER_OBJECT_CONVERSION = YES_AGGRESSIVE;
				CLANG_CXX_LANGUAGE_STANDARD = "gnu++14";
				CLANG_CXX_LIBRARY = "libc++";
				CLANG_ENABLE_MODULES = YES;
				CLANG_ENABLE_OBJC_ARC = YES;
				CLANG_WARN_BLOCK_CAPTURE_AUTORELEASING = YES;
				CLANG_WARN_BOOL_CONVERSION = YES;
				CLANG_WARN_COMMA = YES;
				CLANG_WARN_CONSTANT_CONVERSION = YES;
				CLANG_WARN_DIRECT_OBJC_ISA_USAGE = YES_ERROR;
				CLANG_WARN_DOCUMENTATION_COMMENTS = YES;
				CLANG_WARN_EMPTY_BODY = YES;
				CLANG_WARN_ENUM_CONVERSION = YES;
				CLANG_WARN_INFINITE_RECURSION = YES;
				CLANG_WARN_INT_CONVERSION = YES;
				CLANG_WARN_NON_LITERAL_NULL_CONVERSION = YES;
				CLANG_WARN_OBJC_LITERAL_CONVERSION = YES;
				CLANG_WARN_OBJC_ROOT_CLASS = YES_ERROR;
				CLANG_WARN_RANGE_LOOP_ANALYSIS = YES;
				CLANG_WARN_STRICT_PROTOTYPES = YES;
				CLANG_WARN_SUSPICIOUS_MOVE = YES;
				CLANG_WARN_UNGUARDED_AVAILABILITY = YES_AGGRESSIVE;
				CLANG_WARN_UNREACHABLE_CODE = YES;
				CLANG_WARN__DUPLICATE_METHOD_MATCH = YES;
				CODE_SIGN_IDENTITY = "iPhone Developer";
				COPY_PHASE_STRIP = NO;
				DEBUG_INFORMATION_FORMAT = dwarf;
				ENABLE_STRICT_OBJC_MSGSEND = YES;
				ENABLE_TESTABILITY = YES;
				GCC_C_LANGUAGE_STANDARD = gnu11;
				GCC_DYNAMIC_NO_PIC = NO;
				GCC_NO_COMMON_BLOCKS = YES;
				GCC_OPTIMIZATION_LEVEL = 0;
				GCC_PREPROCESSOR_DEFINITIONS = (
					"DEBUG=1",
					"$(inherited)",
				);
				GCC_WARN_64_TO_32_BIT_CONVERSION = YES;
				GCC_WARN_ABOUT_RETURN_TYPE = YES_ERROR;
				GCC_WARN_UNDECLARED_SELECTOR = YES;
				GCC_WARN_UNINITIALIZED_AUTOS = YES_AGGRESSIVE;
				GCC_WARN_UNUSED_FUNCTION = YES;
				GCC_WARN_UNUSED_VARIABLE = YES;
				IPHONEOS_DEPLOYMENT_TARGET = 11.1;
				MTL_ENABLE_DEBUG_INFO = YES;
				ONLY_ACTIVE_ARCH = YES;
				SDKROOT = iphoneos;
				SWIFT_ACTIVE_COMPILATION_CONDITIONS = DEBUG;
				SWIFT_OPTIMIZATION_LEVEL = "-Onone";
			};
			name = Debug;
		};
		BBFD3E2D1FB00410006AE0C5 /* Release */ = {
			isa = XCBuildConfiguration;
			buildSettings = {
				ALWAYS_SEARCH_USER_PATHS = NO;
				CLANG_ANALYZER_NONNULL = YES;
				CLANG_ANALYZER_NUMBER_OBJECT_CONVERSION = YES_AGGRESSIVE;
				CLANG_CXX_LANGUAGE_STANDARD = "gnu++14";
				CLANG_CXX_LIBRARY = "libc++";
				CLANG_ENABLE_MODULES = YES;
				CLANG_ENABLE_OBJC_ARC = YES;
				CLANG_WARN_BLOCK_CAPTURE_AUTORELEASING = YES;
				CLANG_WARN_BOOL_CONVERSION = YES;
				CLANG_WARN_COMMA = YES;
				CLANG_WARN_CONSTANT_CONVERSION = YES;
				CLANG_WARN_DIRECT_OBJC_ISA_USAGE = YES_ERROR;
				CLANG_WARN_DOCUMENTATION_COMMENTS = YES;
				CLANG_WARN_EMPTY_BODY = YES;
				CLANG_WARN_ENUM_CONVERSION = YES;
				CLANG_WARN_INFINITE_RECURSION = YES;
				CLANG_WARN_INT_CONVERSION = YES;
				CLANG_WARN_NON_LITERAL_NULL_CONVERSION = YES;
				CLANG_WARN_OBJC_LITERAL_CONVERSION = YES;
				CLANG_WARN_OBJC_ROOT_CLASS = YES_ERROR;
				CLANG_WARN_RANGE_LOOP_ANALYSIS = YES;
				CLANG_WARN_STRICT_PROTOTYPES = YES;
				CLANG_WARN_SUSPICIOUS_MOVE = YES;
				CLANG_WARN_UNGUARDED_AVAILABILITY = YES_AGGRESSIVE;
				CLANG_WARN_UNREACHABLE_CODE = YES;
				CLANG_WARN__DUPLICATE_METHOD_MATCH = YES;
				CODE_SIGN_IDENTITY = "iPhone Developer";
				COPY_PHASE_STRIP = NO;
				DEBUG_INFORMATION_FORMAT = "dwarf-with-dsym";
				ENABLE_NS_ASSERTIONS = NO;
				ENABLE_STRICT_OBJC_MSGSEND = YES;
				GCC_C_LANGUAGE_STANDARD = gnu11;
				GCC_NO_COMMON_BLOCKS = YES;
				GCC_WARN_64_TO_32_BIT_CONVERSION = YES;
				GCC_WARN_ABOUT_RETURN_TYPE = YES_ERROR;
				GCC_WARN_UNDECLARED_SELECTOR = YES;
				GCC_WARN_UNINITIALIZED_AUTOS = YES_AGGRESSIVE;
				GCC_WARN_UNUSED_FUNCTION = YES;
				GCC_WARN_UNUSED_VARIABLE = YES;
				IPHONEOS_DEPLOYMENT_TARGET = 11.1;
				MTL_ENABLE_DEBUG_INFO = NO;
				SDKROOT = iphoneos;
				SWIFT_OPTIMIZATION_LEVEL = "-Owholemodule";
				VALIDATE_PRODUCT = YES;
			};
			name = Release;
		};
		BBFD3E2F1FB00410006AE0C5 /* Debug */ = {
			isa = XCBuildConfiguration;
			buildSettings = {
				ASSETCATALOG_COMPILER_APPICON_NAME = AppIcon;
				CODE_SIGN_STYLE = Automatic;
				DEVELOPMENT_TEAM = 76456274W3;
				INFOPLIST_FILE = Umbrella/Info.plist;
				LD_RUNPATH_SEARCH_PATHS = "$(inherited) @executable_path/Frameworks";
				PRODUCT_BUNDLE_IDENTIFIER = MCS.Umbrella;
				PRODUCT_NAME = "$(TARGET_NAME)";
				SWIFT_VERSION = 4.0;
				TARGETED_DEVICE_FAMILY = "1,2";
			};
			name = Debug;
		};
		BBFD3E301FB00410006AE0C5 /* Release */ = {
			isa = XCBuildConfiguration;
			buildSettings = {
				ASSETCATALOG_COMPILER_APPICON_NAME = AppIcon;
				CODE_SIGN_STYLE = Automatic;
				DEVELOPMENT_TEAM = 76456274W3;
				INFOPLIST_FILE = Umbrella/Info.plist;
				LD_RUNPATH_SEARCH_PATHS = "$(inherited) @executable_path/Frameworks";
				PRODUCT_BUNDLE_IDENTIFIER = MCS.Umbrella;
				PRODUCT_NAME = "$(TARGET_NAME)";
				SWIFT_VERSION = 4.0;
				TARGETED_DEVICE_FAMILY = "1,2";
			};
			name = Release;
		};
		BBFD3E321FB00410006AE0C5 /* Debug */ = {
			isa = XCBuildConfiguration;
			buildSettings = {
				ALWAYS_EMBED_SWIFT_STANDARD_LIBRARIES = YES;
				BUNDLE_LOADER = "$(TEST_HOST)";
				CODE_SIGN_STYLE = Automatic;
				DEVELOPMENT_TEAM = 76456274W3;
				INFOPLIST_FILE = UmbrellaTests/Info.plist;
				LD_RUNPATH_SEARCH_PATHS = "$(inherited) @executable_path/Frameworks @loader_path/Frameworks";
				PRODUCT_BUNDLE_IDENTIFIER = MCS.UmbrellaTests;
				PRODUCT_NAME = "$(TARGET_NAME)";
				SWIFT_VERSION = 4.0;
				TARGETED_DEVICE_FAMILY = "1,2";
				TEST_HOST = "$(BUILT_PRODUCTS_DIR)/Umbrella.app/Umbrella";
			};
			name = Debug;
		};
		BBFD3E331FB00410006AE0C5 /* Release */ = {
			isa = XCBuildConfiguration;
			buildSettings = {
				ALWAYS_EMBED_SWIFT_STANDARD_LIBRARIES = YES;
				BUNDLE_LOADER = "$(TEST_HOST)";
				CODE_SIGN_STYLE = Automatic;
				DEVELOPMENT_TEAM = 76456274W3;
				INFOPLIST_FILE = UmbrellaTests/Info.plist;
				LD_RUNPATH_SEARCH_PATHS = "$(inherited) @executable_path/Frameworks @loader_path/Frameworks";
				PRODUCT_BUNDLE_IDENTIFIER = MCS.UmbrellaTests;
				PRODUCT_NAME = "$(TARGET_NAME)";
				SWIFT_VERSION = 4.0;
				TARGETED_DEVICE_FAMILY = "1,2";
				TEST_HOST = "$(BUILT_PRODUCTS_DIR)/Umbrella.app/Umbrella";
			};
			name = Release;
		};
		BBFD3E351FB00410006AE0C5 /* Debug */ = {
			isa = XCBuildConfiguration;
			buildSettings = {
				ALWAYS_EMBED_SWIFT_STANDARD_LIBRARIES = YES;
				CODE_SIGN_STYLE = Automatic;
				DEVELOPMENT_TEAM = 76456274W3;
				INFOPLIST_FILE = UmbrellaUITests/Info.plist;
				LD_RUNPATH_SEARCH_PATHS = "$(inherited) @executable_path/Frameworks @loader_path/Frameworks";
				PRODUCT_BUNDLE_IDENTIFIER = MCS.UmbrellaUITests;
				PRODUCT_NAME = "$(TARGET_NAME)";
				SWIFT_VERSION = 4.0;
				TARGETED_DEVICE_FAMILY = "1,2";
				TEST_TARGET_NAME = Umbrella;
			};
			name = Debug;
		};
		BBFD3E361FB00410006AE0C5 /* Release */ = {
			isa = XCBuildConfiguration;
			buildSettings = {
				ALWAYS_EMBED_SWIFT_STANDARD_LIBRARIES = YES;
				CODE_SIGN_STYLE = Automatic;
				DEVELOPMENT_TEAM = 76456274W3;
				INFOPLIST_FILE = UmbrellaUITests/Info.plist;
				LD_RUNPATH_SEARCH_PATHS = "$(inherited) @executable_path/Frameworks @loader_path/Frameworks";
				PRODUCT_BUNDLE_IDENTIFIER = MCS.UmbrellaUITests;
				PRODUCT_NAME = "$(TARGET_NAME)";
				SWIFT_VERSION = 4.0;
				TARGETED_DEVICE_FAMILY = "1,2";
				TEST_TARGET_NAME = Umbrella;
			};
			name = Release;
		};
/* End XCBuildConfiguration section */

/* Begin XCConfigurationList section */
		BBFD3DFE1FB00410006AE0C5 /* Build configuration list for PBXProject "Umbrella" */ = {
			isa = XCConfigurationList;
			buildConfigurations = (
				BBFD3E2C1FB00410006AE0C5 /* Debug */,
				BBFD3E2D1FB00410006AE0C5 /* Release */,
			);
			defaultConfigurationIsVisible = 0;
			defaultConfigurationName = Release;
		};
		BBFD3E2E1FB00410006AE0C5 /* Build configuration list for PBXNativeTarget "Umbrella" */ = {
			isa = XCConfigurationList;
			buildConfigurations = (
				BBFD3E2F1FB00410006AE0C5 /* Debug */,
				BBFD3E301FB00410006AE0C5 /* Release */,
			);
			defaultConfigurationIsVisible = 0;
			defaultConfigurationName = Release;
		};
		BBFD3E311FB00410006AE0C5 /* Build configuration list for PBXNativeTarget "UmbrellaTests" */ = {
			isa = XCConfigurationList;
			buildConfigurations = (
				BBFD3E321FB00410006AE0C5 /* Debug */,
				BBFD3E331FB00410006AE0C5 /* Release */,
			);
			defaultConfigurationIsVisible = 0;
			defaultConfigurationName = Release;
		};
		BBFD3E341FB00410006AE0C5 /* Build configuration list for PBXNativeTarget "UmbrellaUITests" */ = {
			isa = XCConfigurationList;
			buildConfigurations = (
				BBFD3E351FB00410006AE0C5 /* Debug */,
				BBFD3E361FB00410006AE0C5 /* Release */,
			);
			defaultConfigurationIsVisible = 0;
			defaultConfigurationName = Release;
		};
/* End XCConfigurationList section */

/* Begin XCVersionGroup section */
		BBFD3E0D1FB00410006AE0C5 /* Umbrella.xcdatamodeld */ = {
			isa = XCVersionGroup;
			children = (
				BBFD3E0E1FB00410006AE0C5 /* Umbrella.xcdatamodel */,
			);
			currentVersion = BBFD3E0E1FB00410006AE0C5 /* Umbrella.xcdatamodel */;
			path = Umbrella.xcdatamodeld;
			sourceTree = "<group>";
			versionGroupType = wrapper.xcdatamodel;
		};
/* End XCVersionGroup section */
	};
	rootObject = BBFD3DFB1FB00410006AE0C5 /* Project object */;
}
